
Microsoft Visual Studio Solution File, Format Version 11.00
# Visual Studio 2010
Project("{FAE04EC0-301F-11D3-BF4B-00C04F79EFBC}") = "MonitoringSystem", "MonitoringSystem\MonitoringSystem.csproj", "{6FEDDAEF-F631-4A74-B24C-7E8A71000399}"
EndProject
Project("{54435603-DBB4-11D2-8724-00A0C9A8B90C}") = "Setup1", "Setup1\Setup1.vdproj", "{BB27AD16-E133-4BD3-809B-4F7DB4BA9E11}"
EndProject
Global
	GlobalSection(SolutionConfigurationPlatforms) = preSolution
		Debug|Any CPU = Debug|Any CPU
		Release|Any CPU = Release|Any CPU
	EndGlobalSection
	GlobalSection(ProjectConfigurationPlatforms) = postSolution
		{6FEDDAEF-F631-4A74-B24C-7E8A71000399}.Debug|Any CPU.ActiveCfg = Debug|Any CPU
		{6FEDDAEF-F631-4A74-B24C-7E8A71000399}.Debug|Any CPU.Build.0 = Debug|Any CPU
		{6FEDDAEF-F631-4A74-B24C-7E8A71000399}.Release|Any CPU.ActiveCfg = Release|Any CPU
		{6FEDDAEF-F631-4A74-B24C-7E8A71000399}.Release|Any CPU.Build.0 = Release|Any CPU
		{BB27AD16-E133-4BD3-809B-4F7DB4BA9E11}.Debug|Any CPU.ActiveCfg = Debug
		{BB27AD16-E133-4BD3-809B-4F7DB4BA9E11}.Release|Any CPU.ActiveCfg = Release
	EndGlobalSection
	GlobalSection(SolutionProperties) = preSolution
		HideSolutionNode = FALSE
	EndGlobalSection
EndGlobal
